# THIS IS AN AUTOGENERATED FILE. DO NOT EDIT THIS FILE DIRECTLY.
# yarn lockfile v1


"@react-native-picker/picker@^2.4.10":
  version "2.4.10"
  resolved "https://registry.yarnpkg.com/@react-native-picker/picker/-/picker-2.4.10.tgz#339c7bfc6e1d9a5e934122eaaa7767dc1c5fb725"
  integrity sha512-EvAlHmPEPOwvbP6Pjg/gtDV3XJzIjIxr10fXFNlX5r9HeHw582G1Zt2o8FLyB718nOttgj8HYUTGxvhu4N65sQ==

moment@2.22.0:
  version "2.22.0"
  resolved "https://registry.yarnpkg.com/moment/-/moment-2.22.0.tgz#7921ade01017dd45186e7fee5f424f0b8663a730"
  integrity sha512-1muXCh8jb1N/gHRbn9VDUBr0GYb8A/aVcHlII9QSB68a50spqEVLIGN6KVmCOnSvJrUhC0edGgKU5ofnGXdYdg==
